
Microsoft Visual Studio Solution File, Format Version 12.00
Project("{FAE04EC0-301F-11D3-BF4B-00C04F79EFBC}") = "F1TelemetryCli", "F1TelemetryCli\F1TelemetryCli.csproj", "{18A20AAB-FF30-4A54-A9B1-02E81848E494}"
EndProject
Project("{FAE04EC0-301F-11D3-BF4B-00C04F79EFBC}") = "F1TelemetryParser", "F1TelemetryParser\F1TelemetryParser.csproj", "{9C1DEC5A-6A99-4F3C-8071-CA3848E4A5F5}"
EndProject
Project("{FAE04EC0-301F-11D3-BF4B-00C04F79EFBC}") = "F1TelemetryDesktop", "F1TelemetryDesktop\F1TelemetryDesktop.csproj", "{352E149C-867E-421F-9CBC-4FE351A33AA3}"
EndProject
Project("{FAE04EC0-301F-11D3-BF4B-00C04F79EFBC}") = "F1TelemetryWasm", "F1TelemetryWasm\F1TelemetryWasm.csproj", "{4C550BBA-59AC-4DB2-BE83-9FDF7B37B7D5}"
EndProject
Project("{FAE04EC0-301F-11D3-BF4B-00C04F79EFBC}") = "F1TelemetryStorage", "F1TelemetryStorage\F1TelemetryStorage.csproj", "{EB659420-B41E-40AC-9751-5F00C00D1CCA}"
EndProject
Project("{FAE04EC0-301F-11D3-BF4B-00C04F79EFBC}") = "F1TelemetryOverlay", "F1TelemetryOverlay\F1TelemetryOverlay.csproj", "{39363348-A8B1-4E85-B49B-3050B251285A}"
EndProject
Global
	GlobalSection(SolutionConfigurationPlatforms) = preSolution
		Debug|Any CPU = Debug|Any CPU
		Release|Any CPU = Release|Any CPU
	EndGlobalSection
	GlobalSection(ProjectConfigurationPlatforms) = postSolution
		{18A20AAB-FF30-4A54-A9B1-02E81848E494}.Debug|Any CPU.ActiveCfg = Debug|Any CPU
		{18A20AAB-FF30-4A54-A9B1-02E81848E494}.Debug|Any CPU.Build.0 = Debug|Any CPU
		{18A20AAB-FF30-4A54-A9B1-02E81848E494}.Release|Any CPU.ActiveCfg = Release|Any CPU
		{18A20AAB-FF30-4A54-A9B1-02E81848E494}.Release|Any CPU.Build.0 = Release|Any CPU
		{9C1DEC5A-6A99-4F3C-8071-CA3848E4A5F5}.Debug|Any CPU.ActiveCfg = Debug|Any CPU
		{9C1DEC5A-6A99-4F3C-8071-CA3848E4A5F5}.Debug|Any CPU.Build.0 = Debug|Any CPU
		{9C1DEC5A-6A99-4F3C-8071-CA3848E4A5F5}.Release|Any CPU.ActiveCfg = Release|Any CPU
		{9C1DEC5A-6A99-4F3C-8071-CA3848E4A5F5}.Release|Any CPU.Build.0 = Release|Any CPU
		{352E149C-867E-421F-9CBC-4FE351A33AA3}.Debug|Any CPU.ActiveCfg = Debug|Any CPU
		{352E149C-867E-421F-9CBC-4FE351A33AA3}.Debug|Any CPU.Build.0 = Debug|Any CPU
		{352E149C-867E-421F-9CBC-4FE351A33AA3}.Release|Any CPU.ActiveCfg = Release|Any CPU
		{352E149C-867E-421F-9CBC-4FE351A33AA3}.Release|Any CPU.Build.0 = Release|Any CPU
		{4C550BBA-59AC-4DB2-BE83-9FDF7B37B7D5}.Debug|Any CPU.ActiveCfg = Debug|Any CPU
		{4C550BBA-59AC-4DB2-BE83-9FDF7B37B7D5}.Debug|Any CPU.Build.0 = Debug|Any CPU
		{4C550BBA-59AC-4DB2-BE83-9FDF7B37B7D5}.Release|Any CPU.ActiveCfg = Release|Any CPU
		{4C550BBA-59AC-4DB2-BE83-9FDF7B37B7D5}.Release|Any CPU.Build.0 = Release|Any CPU
		{EB659420-B41E-40AC-9751-5F00C00D1CCA}.Debug|Any CPU.ActiveCfg = Debug|Any CPU
		{EB659420-B41E-40AC-9751-5F00C00D1CCA}.Debug|Any CPU.Build.0 = Debug|Any CPU
		{EB659420-B41E-40AC-9751-5F00C00D1CCA}.Release|Any CPU.ActiveCfg = Release|Any CPU
		{EB659420-B41E-40AC-9751-5F00C00D1CCA}.Release|Any CPU.Build.0 = Release|Any CPU
		{39363348-A8B1-4E85-B49B-3050B251285A}.Debug|Any CPU.ActiveCfg = Debug|Any CPU
		{39363348-A8B1-4E85-B49B-3050B251285A}.Debug|Any CPU.Build.0 = Debug|Any CPU
		{39363348-A8B1-4E85-B49B-3050B251285A}.Release|Any CPU.ActiveCfg = Release|Any CPU
		{39363348-A8B1-4E85-B49B-3050B251285A}.Release|Any CPU.Build.0 = Release|Any CPU
	EndGlobalSection
EndGlobal
